
Microsoft Visual Studio Solution File, Format Version 12.00
# Visual Studio Version 17
VisualStudioVersion = 17.2.32616.157
MinimumVisualStudioVersion = 10.0.40219.1
Project("{FAE04EC0-301F-11D3-BF4B-00C04F79EFBC}") = "Otus.HW_Exception.Bondaruk", "Otus.HW_Exception.Bondaruk\Otus.HW_Exception.Bondaruk.csproj", "{D3E508F0-289C-4243-98B5-C95AFD8FA432}"
EndProject
Global
	GlobalSection(SolutionConfigurationPlatforms) = preSolution
		Debug|Any CPU = Debug|Any CPU
		Release|Any CPU = Release|Any CPU
	EndGlobalSection
	GlobalSection(ProjectConfigurationPlatforms) = postSolution
		{D3E508F0-289C-4243-98B5-C95AFD8FA432}.Debug|Any CPU.ActiveCfg = Debug|Any CPU
		{D3E508F0-289C-4243-98B5-C95AFD8FA432}.Debug|Any CPU.Build.0 = Debug|Any CPU
		{D3E508F0-289C-4243-98B5-C95AFD8FA432}.Release|Any CPU.ActiveCfg = Release|Any CPU
		{D3E508F0-289C-4243-98B5-C95AFD8FA432}.Release|Any CPU.Build.0 = Release|Any CPU
	EndGlobalSection
	GlobalSection(SolutionProperties) = preSolution
		HideSolutionNode = FALSE
	EndGlobalSection
	GlobalSection(ExtensibilityGlobals) = postSolution
		SolutionGuid = {78A33250-8FE7-416D-A72C-7128CB9CDECC}
	EndGlobalSection
EndGlobal
